// !$*UTF8*$!
{
	archiveVersion = 1;
	classes = {
	};
	objectVersion = 56;
	objects = {

/* Begin PBXBuildFile section */
		1A1214F529F9A57A0083F147 /* InitialView.swift in Sources */ = {isa = PBXBuildFile; fileRef = 1A1214F429F9A57A0083F147 /* InitialView.swift */; };
		1A1214FB29F9A9B60083F147 /* DroppedShadowLabel.swift in Sources */ = {isa = PBXBuildFile; fileRef = 1A1214F929F9A8C90083F147 /* DroppedShadowLabel.swift */; };
		1A1214FE29F9AA8B0083F147 /* Text+extension.swift in Sources */ = {isa = PBXBuildFile; fileRef = 1A1214FD29F9AA8B0083F147 /* Text+extension.swift */; };
		1A12150029F9AAD70083F147 /* NewGameView.swift in Sources */ = {isa = PBXBuildFile; fileRef = 1A1214FF29F9AAD70083F147 /* NewGameView.swift */; };
		1A12150229F9AB090083F147 /* JoinGameView.swift in Sources */ = {isa = PBXBuildFile; fileRef = 1A12150129F9AB090083F147 /* JoinGameView.swift */; };
		1A12150629FAA2810083F147 /* PlayerTextFiel.swift in Sources */ = {isa = PBXBuildFile; fileRef = 1A12150529FAA2810083F147 /* PlayerTextFiel.swift */; };
		1A12150829FAA2CE0083F147 /* SubmitButton.swift in Sources */ = {isa = PBXBuildFile; fileRef = 1A12150729FAA2CE0083F147 /* SubmitButton.swift */; };
		1A12150A29FAA3050083F147 /* TextFieldBasedView.swift in Sources */ = {isa = PBXBuildFile; fileRef = 1A12150929FAA3050083F147 /* TextFieldBasedView.swift */; };
		1A12151529FBC49C0083F147 /* DropDownView.swift in Sources */ = {isa = PBXBuildFile; fileRef = 1A12151429FBC49C0083F147 /* DropDownView.swift */; };
		1A5126622A06EA3A00875DE7 /* GameRoomView.swift in Sources */ = {isa = PBXBuildFile; fileRef = 1A5126612A06EA3A00875DE7 /* GameRoomView.swift */; };
		1A5126642A06F0BC00875DE7 /* GameSummaryView.swift in Sources */ = {isa = PBXBuildFile; fileRef = 1A5126632A06F0BC00875DE7 /* GameSummaryView.swift */; };
		1A5126662A06F43E00875DE7 /* GameRoomViewModel.swift in Sources */ = {isa = PBXBuildFile; fileRef = 1A5126652A06F43E00875DE7 /* GameRoomViewModel.swift */; };
		1A5126682A07008700875DE7 /* GamePlayerNumber.swift in Sources */ = {isa = PBXBuildFile; fileRef = 1A5126672A07008700875DE7 /* GamePlayerNumber.swift */; };
		1A51266A2A07093600875DE7 /* GameSummaryViewMode.swift in Sources */ = {isa = PBXBuildFile; fileRef = 1A5126692A07093600875DE7 /* GameSummaryViewMode.swift */; };
		1A686A0F29F6EF290091FB24 /* Game.swift in Sources */ = {isa = PBXBuildFile; fileRef = 1A686A0E29F6EF290091FB24 /* Game.swift */; };
		1A686A1029F6EF290091FB24 /* Game.swift in Sources */ = {isa = PBXBuildFile; fileRef = 1A686A0E29F6EF290091FB24 /* Game.swift */; };
		1A686A1229F6EF4A0091FB24 /* Player.swift in Sources */ = {isa = PBXBuildFile; fileRef = 1A686A1129F6EF490091FB24 /* Player.swift */; };
		1A686A1329F6EF4A0091FB24 /* Player.swift in Sources */ = {isa = PBXBuildFile; fileRef = 1A686A1129F6EF490091FB24 /* Player.swift */; };
		1A686A1629F6EFA60091FB24 /* get_all_games_response.json in Resources */ = {isa = PBXBuildFile; fileRef = 1A686A1529F6EFA60091FB24 /* get_all_games_response.json */; };
		1A686A1729F6EFA60091FB24 /* get_all_games_response.json in Resources */ = {isa = PBXBuildFile; fileRef = 1A686A1529F6EFA60091FB24 /* get_all_games_response.json */; };
		1A686A1929F6EFE30091FB24 /* get_games_response.json in Resources */ = {isa = PBXBuildFile; fileRef = 1A686A1829F6EFE30091FB24 /* get_games_response.json */; };
		1A686A1A29F6EFE30091FB24 /* get_games_response.json in Resources */ = {isa = PBXBuildFile; fileRef = 1A686A1829F6EFE30091FB24 /* get_games_response.json */; };
		1A686A1C29F6F0160091FB24 /* get_round_response.json in Resources */ = {isa = PBXBuildFile; fileRef = 1A686A1B29F6F0160091FB24 /* get_round_response.json */; };
		1A686A1D29F6F0160091FB24 /* get_round_response.json in Resources */ = {isa = PBXBuildFile; fileRef = 1A686A1B29F6F0160091FB24 /* get_round_response.json */; };
		1A686A1F29F6F02F0091FB24 /* create_game_response.json in Resources */ = {isa = PBXBuildFile; fileRef = 1A686A1E29F6F02F0091FB24 /* create_game_response.json */; };
		1A686A2029F6F02F0091FB24 /* create_game_response.json in Resources */ = {isa = PBXBuildFile; fileRef = 1A686A1E29F6F02F0091FB24 /* create_game_response.json */; };
		1A686A2229F6F04F0091FB24 /* add_player_to_game_response.json in Resources */ = {isa = PBXBuildFile; fileRef = 1A686A2129F6F04F0091FB24 /* add_player_to_game_response.json */; };
		1A686A2329F6F04F0091FB24 /* add_player_to_game_response.json in Resources */ = {isa = PBXBuildFile; fileRef = 1A686A2129F6F04F0091FB24 /* add_player_to_game_response.json */; };
		1A686A2529F6F0750091FB24 /* do_game_move.json in Resources */ = {isa = PBXBuildFile; fileRef = 1A686A2429F6F0750091FB24 /* do_game_move.json */; };
		1A686A2629F6F0750091FB24 /* do_game_move.json in Resources */ = {isa = PBXBuildFile; fileRef = 1A686A2429F6F0750091FB24 /* do_game_move.json */; };
		1A686A2829F6FB440091FB24 /* Round.swift in Sources */ = {isa = PBXBuildFile; fileRef = 1A686A2729F6FB440091FB24 /* Round.swift */; };
		1A686A2929F6FB440091FB24 /* Round.swift in Sources */ = {isa = PBXBuildFile; fileRef = 1A686A2729F6FB440091FB24 /* Round.swift */; };
		1A686A2C29F6FB6C0091FB24 /* MoveOption.swift in Sources */ = {isa = PBXBuildFile; fileRef = 1A686A2B29F6FB6C0091FB24 /* MoveOption.swift */; };
		1A686A2D29F6FB6C0091FB24 /* MoveOption.swift in Sources */ = {isa = PBXBuildFile; fileRef = 1A686A2B29F6FB6C0091FB24 /* MoveOption.swift */; };
		1A686A3029F6FC9B0091FB24 /* GameService.swift in Sources */ = {isa = PBXBuildFile; fileRef = 1A686A2F29F6FC9B0091FB24 /* GameService.swift */; };
		1A686A3129F6FC9B0091FB24 /* GameService.swift in Sources */ = {isa = PBXBuildFile; fileRef = 1A686A2F29F6FC9B0091FB24 /* GameService.swift */; };
		1A686A3929F77C5D0091FB24 /* JsonConvertable.swift in Sources */ = {isa = PBXBuildFile; fileRef = 1A686A3829F77C5D0091FB24 /* JsonConvertable.swift */; };
		1A686A3A29F77C5D0091FB24 /* JsonConvertable.swift in Sources */ = {isa = PBXBuildFile; fileRef = 1A686A3829F77C5D0091FB24 /* JsonConvertable.swift */; };
		1A686A3C29F781DF0091FB24 /* Requestable.swift in Sources */ = {isa = PBXBuildFile; fileRef = 1A686A3B29F781DF0091FB24 /* Requestable.swift */; };
		1A69F08E29F80D79001908DA /* Move.swift in Sources */ = {isa = PBXBuildFile; fileRef = 1A69F08D29F80D79001908DA /* Move.swift */; };
		1A69F09029F80F69001908DA /* URLConfig.swift in Sources */ = {isa = PBXBuildFile; fileRef = 1A69F08F29F80F69001908DA /* URLConfig.swift */; };
		1A69F09329F80FD9001908DA /* ServiceRequest.swift in Sources */ = {isa = PBXBuildFile; fileRef = 1A69F09229F80FD9001908DA /* ServiceRequest.swift */; };
		1A7F64182A0AC2A8001B6DDF /* NavigationUtil.swift in Sources */ = {isa = PBXBuildFile; fileRef = 1A7F64172A0AC2A8001B6DDF /* NavigationUtil.swift */; };
		1A88D98729F916E5002AEB45 /* AllGamesQuery.swift in Sources */ = {isa = PBXBuildFile; fileRef = 1A88D98629F916E5002AEB45 /* AllGamesQuery.swift */; };
		1A88D98929F91700002AEB45 /* GameQuery.swift in Sources */ = {isa = PBXBuildFile; fileRef = 1A88D98829F91700002AEB45 /* GameQuery.swift */; };
		1A88D98B29F9171F002AEB45 /* RoundQuery.swift in Sources */ = {isa = PBXBuildFile; fileRef = 1A88D98A29F9171F002AEB45 /* RoundQuery.swift */; };
		1A88D98D29F9173A002AEB45 /* NewGameQuery.swift in Sources */ = {isa = PBXBuildFile; fileRef = 1A88D98C29F9173A002AEB45 /* NewGameQuery.swift */; };
		1A88D98F29F91754002AEB45 /* AddPlayerQuery.swift in Sources */ = {isa = PBXBuildFile; fileRef = 1A88D98E29F91754002AEB45 /* AddPlayerQuery.swift */; };
		1A88D99129F91778002AEB45 /* GameMoveQuery.swift in Sources */ = {isa = PBXBuildFile; fileRef = 1A88D99029F91778002AEB45 /* GameMoveQuery.swift */; };
		1A8D6AF529F6EE880000AADC /* RPSApp.swift in Sources */ = {isa = PBXBuildFile; fileRef = 1A8D6AF429F6EE880000AADC /* RPSApp.swift */; };
		1A8D6AF729F6EE880000AADC /* ContentView.swift in Sources */ = {isa = PBXBuildFile; fileRef = 1A8D6AF629F6EE880000AADC /* ContentView.swift */; };
		1A8D6AF929F6EE890000AADC /* Assets.xcassets in Resources */ = {isa = PBXBuildFile; fileRef = 1A8D6AF829F6EE890000AADC /* Assets.xcassets */; };
		1A8D6AFC29F6EE890000AADC /* Preview Assets.xcassets in Resources */ = {isa = PBXBuildFile; fileRef = 1A8D6AFB29F6EE890000AADC /* Preview Assets.xcassets */; };
		1A8D6B0629F6EE890000AADC /* RPSTests.swift in Sources */ = {isa = PBXBuildFile; fileRef = 1A8D6B0529F6EE890000AADC /* RPSTests.swift */; };
		1A8D6B1029F6EE890000AADC /* RPSUITests.swift in Sources */ = {isa = PBXBuildFile; fileRef = 1A8D6B0F29F6EE890000AADC /* RPSUITests.swift */; };
		1A8D6B1229F6EE890000AADC /* RPSUITestsLaunchTests.swift in Sources */ = {isa = PBXBuildFile; fileRef = 1A8D6B1129F6EE890000AADC /* RPSUITestsLaunchTests.swift */; };
		1AADE5832A024429003495C6 /* Logger.swift in Sources */ = {isa = PBXBuildFile; fileRef = 1AADE5822A024429003495C6 /* Logger.swift */; };
		1AADE58D2A02875D003495C6 /* JoinGameViewModel.swift in Sources */ = {isa = PBXBuildFile; fileRef = 1AADE58C2A02875D003495C6 /* JoinGameViewModel.swift */; };
		1AADE58F2A02876A003495C6 /* NewGameViewModel.swift in Sources */ = {isa = PBXBuildFile; fileRef = 1AADE58E2A02876A003495C6 /* NewGameViewModel.swift */; };
		1AADE5912A02D149003495C6 /* View+extension.swift in Sources */ = {isa = PBXBuildFile; fileRef = 1AADE5902A02D149003495C6 /* View+extension.swift */; };
		1AADE5932A02D267003495C6 /* Binding+extension.swift in Sources */ = {isa = PBXBuildFile; fileRef = 1AADE5922A02D267003495C6 /* Binding+extension.swift */; };
		1ADE94CF2A06ABF9000901DB /* String+extension.swift in Sources */ = {isa = PBXBuildFile; fileRef = 1ADE94CE2A06ABF9000901DB /* String+extension.swift */; };
		1ADE94D12A06BAE2000901DB /* Image+extension.swift in Sources */ = {isa = PBXBuildFile; fileRef = 1ADE94D02A06BAE2000901DB /* Image+extension.swift */; };
/* End PBXBuildFile section */

/* Begin PBXContainerItemProxy section */
		1A8D6B0229F6EE890000AADC /* PBXContainerItemProxy */ = {
			isa = PBXContainerItemProxy;
			containerPortal = 1A8D6AE929F6EE880000AADC /* Project object */;
			proxyType = 1;
			remoteGlobalIDString = 1A8D6AF029F6EE880000AADC;
			remoteInfo = RPS;
		};
		1A8D6B0C29F6EE890000AADC /* PBXContainerItemProxy */ = {
			isa = PBXContainerItemProxy;
			containerPortal = 1A8D6AE929F6EE880000AADC /* Project object */;
			proxyType = 1;
			remoteGlobalIDString = 1A8D6AF029F6EE880000AADC;
			remoteInfo = RPS;
		};
/* End PBXContainerItemProxy section */

/* Begin PBXFileReference section */
		1A1214F429F9A57A0083F147 /* InitialView.swift */ = {isa = PBXFileReference; lastKnownFileType = sourcecode.swift; path = InitialView.swift; sourceTree = "<group>"; };
		1A1214F929F9A8C90083F147 /* DroppedShadowLabel.swift */ = {isa = PBXFileReference; lastKnownFileType = sourcecode.swift; path = DroppedShadowLabel.swift; sourceTree = "<group>"; };
		1A1214FD29F9AA8B0083F147 /* Text+extension.swift */ = {isa = PBXFileReference; lastKnownFileType = sourcecode.swift; path = "Text+extension.swift"; sourceTree = "<group>"; };
		1A1214FF29F9AAD70083F147 /* NewGameView.swift */ = {isa = PBXFileReference; lastKnownFileType = sourcecode.swift; path = NewGameView.swift; sourceTree = "<group>"; };
		1A12150129F9AB090083F147 /* JoinGameView.swift */ = {isa = PBXFileReference; lastKnownFileType = sourcecode.swift; path = JoinGameView.swift; sourceTree = "<group>"; };
		1A12150529FAA2810083F147 /* PlayerTextFiel.swift */ = {isa = PBXFileReference; lastKnownFileType = sourcecode.swift; path = PlayerTextFiel.swift; sourceTree = "<group>"; };
		1A12150729FAA2CE0083F147 /* SubmitButton.swift */ = {isa = PBXFileReference; lastKnownFileType = sourcecode.swift; path = SubmitButton.swift; sourceTree = "<group>"; };
		1A12150929FAA3050083F147 /* TextFieldBasedView.swift */ = {isa = PBXFileReference; lastKnownFileType = sourcecode.swift; path = TextFieldBasedView.swift; sourceTree = "<group>"; };
		1A12151429FBC49C0083F147 /* DropDownView.swift */ = {isa = PBXFileReference; lastKnownFileType = sourcecode.swift; path = DropDownView.swift; sourceTree = "<group>"; };
		1A5126612A06EA3A00875DE7 /* GameRoomView.swift */ = {isa = PBXFileReference; lastKnownFileType = sourcecode.swift; path = GameRoomView.swift; sourceTree = "<group>"; };
		1A5126632A06F0BC00875DE7 /* GameSummaryView.swift */ = {isa = PBXFileReference; lastKnownFileType = sourcecode.swift; path = GameSummaryView.swift; sourceTree = "<group>"; };
		1A5126652A06F43E00875DE7 /* GameRoomViewModel.swift */ = {isa = PBXFileReference; lastKnownFileType = sourcecode.swift; path = GameRoomViewModel.swift; sourceTree = "<group>"; };
		1A5126672A07008700875DE7 /* GamePlayerNumber.swift */ = {isa = PBXFileReference; lastKnownFileType = sourcecode.swift; path = GamePlayerNumber.swift; sourceTree = "<group>"; };
		1A5126692A07093600875DE7 /* GameSummaryViewMode.swift */ = {isa = PBXFileReference; lastKnownFileType = sourcecode.swift; path = GameSummaryViewMode.swift; sourceTree = "<group>"; };
		1A686A0E29F6EF290091FB24 /* Game.swift */ = {isa = PBXFileReference; lastKnownFileType = sourcecode.swift; path = Game.swift; sourceTree = "<group>"; };
		1A686A1129F6EF490091FB24 /* Player.swift */ = {isa = PBXFileReference; lastKnownFileType = sourcecode.swift; path = Player.swift; sourceTree = "<group>"; };
		1A686A1529F6EFA60091FB24 /* get_all_games_response.json */ = {isa = PBXFileReference; lastKnownFileType = text.json; path = get_all_games_response.json; sourceTree = "<group>"; };
		1A686A1829F6EFE30091FB24 /* get_games_response.json */ = {isa = PBXFileReference; lastKnownFileType = text.json; path = get_games_response.json; sourceTree = "<group>"; };
		1A686A1B29F6F0160091FB24 /* get_round_response.json */ = {isa = PBXFileReference; lastKnownFileType = text.json; path = get_round_response.json; sourceTree = "<group>"; };
		1A686A1E29F6F02F0091FB24 /* create_game_response.json */ = {isa = PBXFileReference; lastKnownFileType = text.json; path = create_game_response.json; sourceTree = "<group>"; };
		1A686A2129F6F04F0091FB24 /* add_player_to_game_response.json */ = {isa = PBXFileReference; lastKnownFileType = text.json; path = add_player_to_game_response.json; sourceTree = "<group>"; };
		1A686A2429F6F0750091FB24 /* do_game_move.json */ = {isa = PBXFileReference; lastKnownFileType = text.json; path = do_game_move.json; sourceTree = "<group>"; };
		1A686A2729F6FB440091FB24 /* Round.swift */ = {isa = PBXFileReference; lastKnownFileType = sourcecode.swift; path = Round.swift; sourceTree = "<group>"; };
		1A686A2B29F6FB6C0091FB24 /* MoveOption.swift */ = {isa = PBXFileReference; lastKnownFileType = sourcecode.swift; path = MoveOption.swift; sourceTree = "<group>"; };
		1A686A2F29F6FC9B0091FB24 /* GameService.swift */ = {isa = PBXFileReference; lastKnownFileType = sourcecode.swift; path = GameService.swift; sourceTree = "<group>"; };
		1A686A3829F77C5D0091FB24 /* JsonConvertable.swift */ = {isa = PBXFileReference; lastKnownFileType = sourcecode.swift; path = JsonConvertable.swift; sourceTree = "<group>"; };
		1A686A3B29F781DF0091FB24 /* Requestable.swift */ = {isa = PBXFileReference; fileEncoding = 4; lastKnownFileType = sourcecode.swift; path = Requestable.swift; sourceTree = "<group>"; };
		1A69F08D29F80D79001908DA /* Move.swift */ = {isa = PBXFileReference; lastKnownFileType = sourcecode.swift; path = Move.swift; sourceTree = "<group>"; };
		1A69F08F29F80F69001908DA /* URLConfig.swift */ = {isa = PBXFileReference; lastKnownFileType = sourcecode.swift; path = URLConfig.swift; sourceTree = "<group>"; };
		1A69F09229F80FD9001908DA /* ServiceRequest.swift */ = {isa = PBXFileReference; lastKnownFileType = sourcecode.swift; path = ServiceRequest.swift; sourceTree = "<group>"; };
		1A7F64172A0AC2A8001B6DDF /* NavigationUtil.swift */ = {isa = PBXFileReference; lastKnownFileType = sourcecode.swift; path = NavigationUtil.swift; sourceTree = "<group>"; };
		1A88D98629F916E5002AEB45 /* AllGamesQuery.swift */ = {isa = PBXFileReference; lastKnownFileType = sourcecode.swift; path = AllGamesQuery.swift; sourceTree = "<group>"; };
		1A88D98829F91700002AEB45 /* GameQuery.swift */ = {isa = PBXFileReference; lastKnownFileType = sourcecode.swift; path = GameQuery.swift; sourceTree = "<group>"; };
		1A88D98A29F9171F002AEB45 /* RoundQuery.swift */ = {isa = PBXFileReference; lastKnownFileType = sourcecode.swift; path = RoundQuery.swift; sourceTree = "<group>"; };
		1A88D98C29F9173A002AEB45 /* NewGameQuery.swift */ = {isa = PBXFileReference; lastKnownFileType = sourcecode.swift; path = NewGameQuery.swift; sourceTree = "<group>"; };
		1A88D98E29F91754002AEB45 /* AddPlayerQuery.swift */ = {isa = PBXFileReference; lastKnownFileType = sourcecode.swift; path = AddPlayerQuery.swift; sourceTree = "<group>"; };
		1A88D99029F91778002AEB45 /* GameMoveQuery.swift */ = {isa = PBXFileReference; lastKnownFileType = sourcecode.swift; path = GameMoveQuery.swift; sourceTree = "<group>"; };
		1A8D6AF129F6EE880000AADC /* RPS.app */ = {isa = PBXFileReference; explicitFileType = wrapper.application; includeInIndex = 0; path = RPS.app; sourceTree = BUILT_PRODUCTS_DIR; };
		1A8D6AF429F6EE880000AADC /* RPSApp.swift */ = {isa = PBXFileReference; lastKnownFileType = sourcecode.swift; path = RPSApp.swift; sourceTree = "<group>"; };
		1A8D6AF629F6EE880000AADC /* ContentView.swift */ = {isa = PBXFileReference; lastKnownFileType = sourcecode.swift; path = ContentView.swift; sourceTree = "<group>"; };
		1A8D6AF829F6EE890000AADC /* Assets.xcassets */ = {isa = PBXFileReference; lastKnownFileType = folder.assetcatalog; path = Assets.xcassets; sourceTree = "<group>"; };
		1A8D6AFB29F6EE890000AADC /* Preview Assets.xcassets */ = {isa = PBXFileReference; lastKnownFileType = folder.assetcatalog; path = "Preview Assets.xcassets"; sourceTree = "<group>"; };
		1A8D6B0129F6EE890000AADC /* RPSTests.xctest */ = {isa = PBXFileReference; explicitFileType = wrapper.cfbundle; includeInIndex = 0; path = RPSTests.xctest; sourceTree = BUILT_PRODUCTS_DIR; };
		1A8D6B0529F6EE890000AADC /* RPSTests.swift */ = {isa = PBXFileReference; lastKnownFileType = sourcecode.swift; path = RPSTests.swift; sourceTree = "<group>"; };
		1A8D6B0B29F6EE890000AADC /* RPSUITests.xctest */ = {isa = PBXFileReference; explicitFileType = wrapper.cfbundle; includeInIndex = 0; path = RPSUITests.xctest; sourceTree = BUILT_PRODUCTS_DIR; };
		1A8D6B0F29F6EE890000AADC /* RPSUITests.swift */ = {isa = PBXFileReference; lastKnownFileType = sourcecode.swift; path = RPSUITests.swift; sourceTree = "<group>"; };
		1A8D6B1129F6EE890000AADC /* RPSUITestsLaunchTests.swift */ = {isa = PBXFileReference; lastKnownFileType = sourcecode.swift; path = RPSUITestsLaunchTests.swift; sourceTree = "<group>"; };
		1AADE5822A024429003495C6 /* Logger.swift */ = {isa = PBXFileReference; lastKnownFileType = sourcecode.swift; path = Logger.swift; sourceTree = "<group>"; };
		1AADE58C2A02875D003495C6 /* JoinGameViewModel.swift */ = {isa = PBXFileReference; lastKnownFileType = sourcecode.swift; path = JoinGameViewModel.swift; sourceTree = "<group>"; };
		1AADE58E2A02876A003495C6 /* NewGameViewModel.swift */ = {isa = PBXFileReference; lastKnownFileType = sourcecode.swift; path = NewGameViewModel.swift; sourceTree = "<group>"; };
		1AADE5902A02D149003495C6 /* View+extension.swift */ = {isa = PBXFileReference; lastKnownFileType = sourcecode.swift; path = "View+extension.swift"; sourceTree = "<group>"; };
		1AADE5922A02D267003495C6 /* Binding+extension.swift */ = {isa = PBXFileReference; lastKnownFileType = sourcecode.swift; path = "Binding+extension.swift"; sourceTree = "<group>"; };
		1ADE94CE2A06ABF9000901DB /* String+extension.swift */ = {isa = PBXFileReference; lastKnownFileType = sourcecode.swift; path = "String+extension.swift"; sourceTree = "<group>"; };
		1ADE94D02A06BAE2000901DB /* Image+extension.swift */ = {isa = PBXFileReference; lastKnownFileType = sourcecode.swift; path = "Image+extension.swift"; sourceTree = "<group>"; };
/* End PBXFileReference section */

/* Begin PBXFrameworksBuildPhase section */
		1A8D6AEE29F6EE880000AADC /* Frameworks */ = {
			isa = PBXFrameworksBuildPhase;
			buildActionMask = 2147483647;
			files = (
			);
			runOnlyForDeploymentPostprocessing = 0;
		};
		1A8D6AFE29F6EE890000AADC /* Frameworks */ = {
			isa = PBXFrameworksBuildPhase;
			buildActionMask = 2147483647;
			files = (
			);
			runOnlyForDeploymentPostprocessing = 0;
		};
		1A8D6B0829F6EE890000AADC /* Frameworks */ = {
			isa = PBXFrameworksBuildPhase;
			buildActionMask = 2147483647;
			files = (
			);
			runOnlyForDeploymentPostprocessing = 0;
		};
/* End PBXFrameworksBuildPhase section */

/* Begin PBXGroup section */
		1A1214F229F9A42D0083F147 /* View */ = {
			isa = PBXGroup;
			children = (
				1A1214F429F9A57A0083F147 /* InitialView.swift */,
				1A1214FF29F9AAD70083F147 /* NewGameView.swift */,
				1A12150129F9AB090083F147 /* JoinGameView.swift */,
				1A5126612A06EA3A00875DE7 /* GameRoomView.swift */,
				1A5126632A06F0BC00875DE7 /* GameSummaryView.swift */,
			);
			path = View;
			sourceTree = "<group>";
		};
		1A1214F329F9A4600083F147 /* ViewModel */ = {
			isa = PBXGroup;
			children = (
				1AADE58E2A02876A003495C6 /* NewGameViewModel.swift */,
				1AADE58C2A02875D003495C6 /* JoinGameViewModel.swift */,
				1A5126652A06F43E00875DE7 /* GameRoomViewModel.swift */,
				1A5126692A07093600875DE7 /* GameSummaryViewMode.swift */,
			);
			path = ViewModel;
			sourceTree = "<group>";
		};
		1A1214F629F9A8850083F147 /* ComponentView */ = {
			isa = PBXGroup;
			children = (
				1A1214F929F9A8C90083F147 /* DroppedShadowLabel.swift */,
				1A12150529FAA2810083F147 /* PlayerTextFiel.swift */,
				1A12150729FAA2CE0083F147 /* SubmitButton.swift */,
				1A12150929FAA3050083F147 /* TextFieldBasedView.swift */,
				1A12151429FBC49C0083F147 /* DropDownView.swift */,
			);
			path = ComponentView;
			sourceTree = "<group>";
		};
		1A1214FC29F9AA630083F147 /* Extension */ = {
			isa = PBXGroup;
			children = (
				1A1214FD29F9AA8B0083F147 /* Text+extension.swift */,
				1AADE5902A02D149003495C6 /* View+extension.swift */,
				1AADE5922A02D267003495C6 /* Binding+extension.swift */,
				1ADE94CE2A06ABF9000901DB /* String+extension.swift */,
				1ADE94D02A06BAE2000901DB /* Image+extension.swift */,
			);
			path = Extension;
			sourceTree = "<group>";
		};
		1A12150F29FBC3210083F147 /* Utilities */ = {
			isa = PBXGroup;
			children = (
				1A1214FC29F9AA630083F147 /* Extension */,
				1AADE5822A024429003495C6 /* Logger.swift */,
				1A5126672A07008700875DE7 /* GamePlayerNumber.swift */,
				1A7F64172A0AC2A8001B6DDF /* NavigationUtil.swift */,
			);
			path = Utilities;
			sourceTree = "<group>";
		};
		1A686A0B29F6EF090091FB24 /* Model */ = {
			isa = PBXGroup;
			children = (
				1A686A0E29F6EF290091FB24 /* Game.swift */,
				1A686A1129F6EF490091FB24 /* Player.swift */,
				1A686A2729F6FB440091FB24 /* Round.swift */,
				1A69F08D29F80D79001908DA /* Move.swift */,
				1A686A2B29F6FB6C0091FB24 /* MoveOption.swift */,
			);
			path = Model;
			sourceTree = "<group>";
		};
		1A686A1429F6EF740091FB24 /* Resources */ = {
			isa = PBXGroup;
			children = (
				1A686A1529F6EFA60091FB24 /* get_all_games_response.json */,
				1A686A1829F6EFE30091FB24 /* get_games_response.json */,
				1A686A1B29F6F0160091FB24 /* get_round_response.json */,
				1A686A1E29F6F02F0091FB24 /* create_game_response.json */,
				1A686A2129F6F04F0091FB24 /* add_player_to_game_response.json */,
				1A686A2429F6F0750091FB24 /* do_game_move.json */,
			);
			path = Resources;
			sourceTree = "<group>";
		};
		1A686A2E29F6FC6B0091FB24 /* Service */ = {
			isa = PBXGroup;
			children = (
				1A69F09129F80F7F001908DA /* Networking */,
				1A686A2F29F6FC9B0091FB24 /* GameService.swift */,
				1A686A3829F77C5D0091FB24 /* JsonConvertable.swift */,
			);
			path = Service;
			sourceTree = "<group>";
		};
		1A69F09129F80F7F001908DA /* Networking */ = {
			isa = PBXGroup;
			children = (
				1A88D98529F916C3002AEB45 /* Query */,
				1A686A3B29F781DF0091FB24 /* Requestable.swift */,
				1A69F08F29F80F69001908DA /* URLConfig.swift */,
				1A69F09229F80FD9001908DA /* ServiceRequest.swift */,
			);
			path = Networking;
			sourceTree = "<group>";
		};
		1A88D98529F916C3002AEB45 /* Query */ = {
			isa = PBXGroup;
			children = (
				1A88D98629F916E5002AEB45 /* AllGamesQuery.swift */,
				1A88D98829F91700002AEB45 /* GameQuery.swift */,
				1A88D98A29F9171F002AEB45 /* RoundQuery.swift */,
				1A88D98C29F9173A002AEB45 /* NewGameQuery.swift */,
				1A88D98E29F91754002AEB45 /* AddPlayerQuery.swift */,
				1A88D99029F91778002AEB45 /* GameMoveQuery.swift */,
			);
			path = Query;
			sourceTree = "<group>";
		};
		1A8D6AE829F6EE880000AADC = {
			isa = PBXGroup;
			children = (
				1A8D6AF329F6EE880000AADC /* RPS */,
				1A8D6B0429F6EE890000AADC /* RPSTests */,
				1A8D6B0E29F6EE890000AADC /* RPSUITests */,
				1A8D6AF229F6EE880000AADC /* Products */,
			);
			sourceTree = "<group>";
		};
		1A8D6AF229F6EE880000AADC /* Products */ = {
			isa = PBXGroup;
			children = (
				1A8D6AF129F6EE880000AADC /* RPS.app */,
				1A8D6B0129F6EE890000AADC /* RPSTests.xctest */,
				1A8D6B0B29F6EE890000AADC /* RPSUITests.xctest */,
			);
			name = Products;
			sourceTree = "<group>";
		};
		1A8D6AF329F6EE880000AADC /* RPS */ = {
			isa = PBXGroup;
			children = (
				1A686A1429F6EF740091FB24 /* Resources */,
				1A12150F29FBC3210083F147 /* Utilities */,
				1A1214F629F9A8850083F147 /* ComponentView */,
				1A1214F229F9A42D0083F147 /* View */,
				1A1214F329F9A4600083F147 /* ViewModel */,
				1A686A0B29F6EF090091FB24 /* Model */,
				1A686A2E29F6FC6B0091FB24 /* Service */,
				1A8D6AF429F6EE880000AADC /* RPSApp.swift */,
				1A8D6AF629F6EE880000AADC /* ContentView.swift */,
				1A8D6AF829F6EE890000AADC /* Assets.xcassets */,
				1A8D6AFA29F6EE890000AADC /* Preview Content */,
			);
			path = RPS;
			sourceTree = "<group>";
		};
		1A8D6AFA29F6EE890000AADC /* Preview Content */ = {
			isa = PBXGroup;
			children = (
				1A8D6AFB29F6EE890000AADC /* Preview Assets.xcassets */,
			);
			path = "Preview Content";
			sourceTree = "<group>";
		};
		1A8D6B0429F6EE890000AADC /* RPSTests */ = {
			isa = PBXGroup;
			children = (
				1A8D6B0529F6EE890000AADC /* RPSTests.swift */,
			);
			path = RPSTests;
			sourceTree = "<group>";
		};
		1A8D6B0E29F6EE890000AADC /* RPSUITests */ = {
			isa = PBXGroup;
			children = (
				1A8D6B0F29F6EE890000AADC /* RPSUITests.swift */,
				1A8D6B1129F6EE890000AADC /* RPSUITestsLaunchTests.swift */,
			);
			path = RPSUITests;
			sourceTree = "<group>";
		};
/* End PBXGroup section */

/* Begin PBXNativeTarget section */
		1A8D6AF029F6EE880000AADC /* RPS */ = {
			isa = PBXNativeTarget;
			buildConfigurationList = 1A8D6B1529F6EE890000AADC /* Build configuration list for PBXNativeTarget "RPS" */;
			buildPhases = (
				1A8D6AED29F6EE880000AADC /* Sources */,
				1A8D6AEE29F6EE880000AADC /* Frameworks */,
				1A8D6AEF29F6EE880000AADC /* Resources */,
			);
			buildRules = (
			);
			dependencies = (
			);
			name = RPS;
			productName = RPS;
			productReference = 1A8D6AF129F6EE880000AADC /* RPS.app */;
			productType = "com.apple.product-type.application";
		};
		1A8D6B0029F6EE890000AADC /* RPSTests */ = {
			isa = PBXNativeTarget;
			buildConfigurationList = 1A8D6B1829F6EE890000AADC /* Build configuration list for PBXNativeTarget "RPSTests" */;
			buildPhases = (
				1A8D6AFD29F6EE890000AADC /* Sources */,
				1A8D6AFE29F6EE890000AADC /* Frameworks */,
				1A8D6AFF29F6EE890000AADC /* Resources */,
			);
			buildRules = (
			);
			dependencies = (
				1A8D6B0329F6EE890000AADC /* PBXTargetDependency */,
			);
			name = RPSTests;
			productName = RPSTests;
			productReference = 1A8D6B0129F6EE890000AADC /* RPSTests.xctest */;
			productType = "com.apple.product-type.bundle.unit-test";
		};
		1A8D6B0A29F6EE890000AADC /* RPSUITests */ = {
			isa = PBXNativeTarget;
			buildConfigurationList = 1A8D6B1B29F6EE890000AADC /* Build configuration list for PBXNativeTarget "RPSUITests" */;
			buildPhases = (
				1A8D6B0729F6EE890000AADC /* Sources */,
				1A8D6B0829F6EE890000AADC /* Frameworks */,
				1A8D6B0929F6EE890000AADC /* Resources */,
			);
			buildRules = (
			);
			dependencies = (
				1A8D6B0D29F6EE890000AADC /* PBXTargetDependency */,
			);
			name = RPSUITests;
			productName = RPSUITests;
			productReference = 1A8D6B0B29F6EE890000AADC /* RPSUITests.xctest */;
			productType = "com.apple.product-type.bundle.ui-testing";
		};
/* End PBXNativeTarget section */

/* Begin PBXProject section */
		1A8D6AE929F6EE880000AADC /* Project object */ = {
			isa = PBXProject;
			attributes = {
				BuildIndependentTargetsInParallel = 1;
				LastSwiftUpdateCheck = 1430;
				LastUpgradeCheck = 1430;
				TargetAttributes = {
					1A8D6AF029F6EE880000AADC = {
						CreatedOnToolsVersion = 14.3;
					};
					1A8D6B0029F6EE890000AADC = {
						CreatedOnToolsVersion = 14.3;
						TestTargetID = 1A8D6AF029F6EE880000AADC;
					};
					1A8D6B0A29F6EE890000AADC = {
						CreatedOnToolsVersion = 14.3;
						TestTargetID = 1A8D6AF029F6EE880000AADC;
					};
				};
			};
			buildConfigurationList = 1A8D6AEC29F6EE880000AADC /* Build configuration list for PBXProject "RPS" */;
			compatibilityVersion = "Xcode 14.0";
			developmentRegion = en;
			hasScannedForEncodings = 0;
			knownRegions = (
				en,
				Base,
			);
			mainGroup = 1A8D6AE829F6EE880000AADC;
			productRefGroup = 1A8D6AF229F6EE880000AADC /* Products */;
			projectDirPath = "";
			projectRoot = "";
			targets = (
				1A8D6AF029F6EE880000AADC /* RPS */,
				1A8D6B0029F6EE890000AADC /* RPSTests */,
				1A8D6B0A29F6EE890000AADC /* RPSUITests */,
			);
		};
/* End PBXProject section */

/* Begin PBXResourcesBuildPhase section */
		1A8D6AEF29F6EE880000AADC /* Resources */ = {
			isa = PBXResourcesBuildPhase;
			buildActionMask = 2147483647;
			files = (
				1A686A1629F6EFA60091FB24 /* get_all_games_response.json in Resources */,
				1A686A1C29F6F0160091FB24 /* get_round_response.json in Resources */,
				1A8D6AFC29F6EE890000AADC /* Preview Assets.xcassets in Resources */,
				1A686A2529F6F0750091FB24 /* do_game_move.json in Resources */,
				1A686A1F29F6F02F0091FB24 /* create_game_response.json in Resources */,
				1A686A1929F6EFE30091FB24 /* get_games_response.json in Resources */,
				1A686A2229F6F04F0091FB24 /* add_player_to_game_response.json in Resources */,
				1A8D6AF929F6EE890000AADC /* Assets.xcassets in Resources */,
			);
			runOnlyForDeploymentPostprocessing = 0;
		};
		1A8D6AFF29F6EE890000AADC /* Resources */ = {
			isa = PBXResourcesBuildPhase;
			buildActionMask = 2147483647;
			files = (
				1A686A1A29F6EFE30091FB24 /* get_games_response.json in Resources */,
				1A686A1729F6EFA60091FB24 /* get_all_games_response.json in Resources */,
				1A686A1D29F6F0160091FB24 /* get_round_response.json in Resources */,
				1A686A2029F6F02F0091FB24 /* create_game_response.json in Resources */,
				1A686A2329F6F04F0091FB24 /* add_player_to_game_response.json in Resources */,
				1A686A2629F6F0750091FB24 /* do_game_move.json in Resources */,
			);
			runOnlyForDeploymentPostprocessing = 0;
		};
		1A8D6B0929F6EE890000AADC /* Resources */ = {
			isa = PBXResourcesBuildPhase;
			buildActionMask = 2147483647;
			files = (
			);
			runOnlyForDeploymentPostprocessing = 0;
		};
/* End PBXResourcesBuildPhase section */

/* Begin PBXSourcesBuildPhase section */
		1A8D6AED29F6EE880000AADC /* Sources */ = {
			isa = PBXSourcesBuildPhase;
			buildActionMask = 2147483647;
			files = (
				1A686A1229F6EF4A0091FB24 /* Player.swift in Sources */,
				1A51266A2A07093600875DE7 /* GameSummaryViewMode.swift in Sources */,
				1AADE58F2A02876A003495C6 /* NewGameViewModel.swift in Sources */,
				1AADE5932A02D267003495C6 /* Binding+extension.swift in Sources */,
				1AADE5832A024429003495C6 /* Logger.swift in Sources */,
				1A686A3029F6FC9B0091FB24 /* GameService.swift in Sources */,
				1A88D98729F916E5002AEB45 /* AllGamesQuery.swift in Sources */,
				1AADE58D2A02875D003495C6 /* JoinGameViewModel.swift in Sources */,
				1A88D99129F91778002AEB45 /* GameMoveQuery.swift in Sources */,
				1AADE5912A02D149003495C6 /* View+extension.swift in Sources */,
				1ADE94D12A06BAE2000901DB /* Image+extension.swift in Sources */,
				1A1214FB29F9A9B60083F147 /* DroppedShadowLabel.swift in Sources */,
				1A8D6AF729F6EE880000AADC /* ContentView.swift in Sources */,
				1A686A0F29F6EF290091FB24 /* Game.swift in Sources */,
				1A686A3929F77C5D0091FB24 /* JsonConvertable.swift in Sources */,
				1A686A2829F6FB440091FB24 /* Round.swift in Sources */,
				1A1214FE29F9AA8B0083F147 /* Text+extension.swift in Sources */,
				1A12150229F9AB090083F147 /* JoinGameView.swift in Sources */,
				1A686A2C29F6FB6C0091FB24 /* MoveOption.swift in Sources */,
				1A5126682A07008700875DE7 /* GamePlayerNumber.swift in Sources */,
				1A5126622A06EA3A00875DE7 /* GameRoomView.swift in Sources */,
				1A69F09029F80F69001908DA /* URLConfig.swift in Sources */,
				1A12150629FAA2810083F147 /* PlayerTextFiel.swift in Sources */,
				1A88D98B29F9171F002AEB45 /* RoundQuery.swift in Sources */,
				1A12150A29FAA3050083F147 /* TextFieldBasedView.swift in Sources */,
				1A1214F529F9A57A0083F147 /* InitialView.swift in Sources */,
				1A686A3C29F781DF0091FB24 /* Requestable.swift in Sources */,
				1A12151529FBC49C0083F147 /* DropDownView.swift in Sources */,
				1A12150029F9AAD70083F147 /* NewGameView.swift in Sources */,
				1A88D98D29F9173A002AEB45 /* NewGameQuery.swift in Sources */,
				1A5126642A06F0BC00875DE7 /* GameSummaryView.swift in Sources */,
				1A88D98929F91700002AEB45 /* GameQuery.swift in Sources */,
				1A8D6AF529F6EE880000AADC /* RPSApp.swift in Sources */,
				1A12150829FAA2CE0083F147 /* SubmitButton.swift in Sources */,
				1A69F09329F80FD9001908DA /* ServiceRequest.swift in Sources */,
				1A5126662A06F43E00875DE7 /* GameRoomViewModel.swift in Sources */,
				1A69F08E29F80D79001908DA /* Move.swift in Sources */,
				1A7F64182A0AC2A8001B6DDF /* NavigationUtil.swift in Sources */,
				1A88D98F29F91754002AEB45 /* AddPlayerQuery.swift in Sources */,
				1ADE94CF2A06ABF9000901DB /* String+extension.swift in Sources */,
			);
			runOnlyForDeploymentPostprocessing = 0;
		};
		1A8D6AFD29F6EE890000AADC /* Sources */ = {
			isa = PBXSourcesBuildPhase;
			buildActionMask = 2147483647;
			files = (
				1A686A2D29F6FB6C0091FB24 /* MoveOption.swift in Sources */,
				1A8D6B0629F6EE890000AADC /* RPSTests.swift in Sources */,
				1A686A1329F6EF4A0091FB24 /* Player.swift in Sources */,
				1A686A3129F6FC9B0091FB24 /* GameService.swift in Sources */,
				1A686A2929F6FB440091FB24 /* Round.swift in Sources */,
				1A686A1029F6EF290091FB24 /* Game.swift in Sources */,
				1A686A3A29F77C5D0091FB24 /* JsonConvertable.swift in Sources */,
			);
			runOnlyForDeploymentPostprocessing = 0;
		};
		1A8D6B0729F6EE890000AADC /* Sources */ = {
			isa = PBXSourcesBuildPhase;
			buildActionMask = 2147483647;
			files = (
				1A8D6B1229F6EE890000AADC /* RPSUITestsLaunchTests.swift in Sources */,
				1A8D6B1029F6EE890000AADC /* RPSUITests.swift in Sources */,
			);
			runOnlyForDeploymentPostprocessing = 0;
		};
/* End PBXSourcesBuildPhase section */

/* Begin PBXTargetDependency section */
		1A8D6B0329F6EE890000AADC /* PBXTargetDependency */ = {
			isa = PBXTargetDependency;
			target = 1A8D6AF029F6EE880000AADC /* RPS */;
			targetProxy = 1A8D6B0229F6EE890000AADC /* PBXContainerItemProxy */;
		};
		1A8D6B0D29F6EE890000AADC /* PBXTargetDependency */ = {
			isa = PBXTargetDependency;
			target = 1A8D6AF029F6EE880000AADC /* RPS */;
			targetProxy = 1A8D6B0C29F6EE890000AADC /* PBXContainerItemProxy */;
		};
/* End PBXTargetDependency section */

/* Begin XCBuildConfiguration section */
		1A8D6B1329F6EE890000AADC /* Debug */ = {
			isa = XCBuildConfiguration;
			buildSettings = {
				ALWAYS_SEARCH_USER_PATHS = NO;
				CLANG_ANALYZER_NONNULL = YES;
				CLANG_ANALYZER_NUMBER_OBJECT_CONVERSION = YES_AGGRESSIVE;
				CLANG_CXX_LANGUAGE_STANDARD = "gnu++20";
				CLANG_ENABLE_MODULES = YES;
				CLANG_ENABLE_OBJC_ARC = YES;
				CLANG_ENABLE_OBJC_WEAK = YES;
				CLANG_WARN_BLOCK_CAPTURE_AUTORELEASING = YES;
				CLANG_WARN_BOOL_CONVERSION = YES;
				CLANG_WARN_COMMA = YES;
				CLANG_WARN_CONSTANT_CONVERSION = YES;
				CLANG_WARN_DEPRECATED_OBJC_IMPLEMENTATIONS = YES;
				CLANG_WARN_DIRECT_OBJC_ISA_USAGE = YES_ERROR;
				CLANG_WARN_DOCUMENTATION_COMMENTS = YES;
				CLANG_WARN_EMPTY_BODY = YES;
				CLANG_WARN_ENUM_CONVERSION = YES;
				CLANG_WARN_INFINITE_RECURSION = YES;
				CLANG_WARN_INT_CONVERSION = YES;
				CLANG_WARN_NON_LITERAL_NULL_CONVERSION = YES;
				CLANG_WARN_OBJC_IMPLICIT_RETAIN_SELF = YES;
				CLANG_WARN_OBJC_LITERAL_CONVERSION = YES;
				CLANG_WARN_OBJC_ROOT_CLASS = YES_ERROR;
				CLANG_WARN_QUOTED_INCLUDE_IN_FRAMEWORK_HEADER = YES;
				CLANG_WARN_RANGE_LOOP_ANALYSIS = YES;
				CLANG_WARN_STRICT_PROTOTYPES = YES;
				CLANG_WARN_SUSPICIOUS_MOVE = YES;
				CLANG_WARN_UNGUARDED_AVAILABILITY = YES_AGGRESSIVE;
				CLANG_WARN_UNREACHABLE_CODE = YES;
				CLANG_WARN__DUPLICATE_METHOD_MATCH = YES;
				COPY_PHASE_STRIP = NO;
				DEBUG_INFORMATION_FORMAT = dwarf;
				ENABLE_STRICT_OBJC_MSGSEND = YES;
				ENABLE_TESTABILITY = YES;
				GCC_C_LANGUAGE_STANDARD = gnu11;
				GCC_DYNAMIC_NO_PIC = NO;
				GCC_NO_COMMON_BLOCKS = YES;
				GCC_OPTIMIZATION_LEVEL = 0;
				GCC_PREPROCESSOR_DEFINITIONS = (
					"DEBUG=1",
					"$(inherited)",
				);
				GCC_WARN_64_TO_32_BIT_CONVERSION = YES;
				GCC_WARN_ABOUT_RETURN_TYPE = YES_ERROR;
				GCC_WARN_UNDECLARED_SELECTOR = YES;
				GCC_WARN_UNINITIALIZED_AUTOS = YES_AGGRESSIVE;
				GCC_WARN_UNUSED_FUNCTION = YES;
				GCC_WARN_UNUSED_VARIABLE = YES;
				IPHONEOS_DEPLOYMENT_TARGET = 16.4;
				MTL_ENABLE_DEBUG_INFO = INCLUDE_SOURCE;
				MTL_FAST_MATH = YES;
				ONLY_ACTIVE_ARCH = YES;
				SDKROOT = iphoneos;
				SWIFT_ACTIVE_COMPILATION_CONDITIONS = DEBUG;
				SWIFT_OPTIMIZATION_LEVEL = "-Onone";
			};
			name = Debug;
		};
		1A8D6B1429F6EE890000AADC /* Release */ = {
			isa = XCBuildConfiguration;
			buildSettings = {
				ALWAYS_SEARCH_USER_PATHS = NO;
				CLANG_ANALYZER_NONNULL = YES;
				CLANG_ANALYZER_NUMBER_OBJECT_CONVERSION = YES_AGGRESSIVE;
				CLANG_CXX_LANGUAGE_STANDARD = "gnu++20";
				CLANG_ENABLE_MODULES = YES;
				CLANG_ENABLE_OBJC_ARC = YES;
				CLANG_ENABLE_OBJC_WEAK = YES;
				CLANG_WARN_BLOCK_CAPTURE_AUTORELEASING = YES;
				CLANG_WARN_BOOL_CONVERSION = YES;
				CLANG_WARN_COMMA = YES;
				CLANG_WARN_CONSTANT_CONVERSION = YES;
				CLANG_WARN_DEPRECATED_OBJC_IMPLEMENTATIONS = YES;
				CLANG_WARN_DIRECT_OBJC_ISA_USAGE = YES_ERROR;
				CLANG_WARN_DOCUMENTATION_COMMENTS = YES;
				CLANG_WARN_EMPTY_BODY = YES;
				CLANG_WARN_ENUM_CONVERSION = YES;
				CLANG_WARN_INFINITE_RECURSION = YES;
				CLANG_WARN_INT_CONVERSION = YES;
				CLANG_WARN_NON_LITERAL_NULL_CONVERSION = YES;
				CLANG_WARN_OBJC_IMPLICIT_RETAIN_SELF = YES;
				CLANG_WARN_OBJC_LITERAL_CONVERSION = YES;
				CLANG_WARN_OBJC_ROOT_CLASS = YES_ERROR;
				CLANG_WARN_QUOTED_INCLUDE_IN_FRAMEWORK_HEADER = YES;
				CLANG_WARN_RANGE_LOOP_ANALYSIS = YES;
				CLANG_WARN_STRICT_PROTOTYPES = YES;
				CLANG_WARN_SUSPICIOUS_MOVE = YES;
				CLANG_WARN_UNGUARDED_AVAILABILITY = YES_AGGRESSIVE;
				CLANG_WARN_UNREACHABLE_CODE = YES;
				CLANG_WARN__DUPLICATE_METHOD_MATCH = YES;
				COPY_PHASE_STRIP = NO;
				DEBUG_INFORMATION_FORMAT = "dwarf-with-dsym";
				ENABLE_NS_ASSERTIONS = NO;
				ENABLE_STRICT_OBJC_MSGSEND = YES;
				GCC_C_LANGUAGE_STANDARD = gnu11;
				GCC_NO_COMMON_BLOCKS = YES;
				GCC_WARN_64_TO_32_BIT_CONVERSION = YES;
				GCC_WARN_ABOUT_RETURN_TYPE = YES_ERROR;
				GCC_WARN_UNDECLARED_SELECTOR = YES;
				GCC_WARN_UNINITIALIZED_AUTOS = YES_AGGRESSIVE;
				GCC_WARN_UNUSED_FUNCTION = YES;
				GCC_WARN_UNUSED_VARIABLE = YES;
				IPHONEOS_DEPLOYMENT_TARGET = 16.4;
				MTL_ENABLE_DEBUG_INFO = NO;
				MTL_FAST_MATH = YES;
				SDKROOT = iphoneos;
				SWIFT_COMPILATION_MODE = wholemodule;
				SWIFT_OPTIMIZATION_LEVEL = "-O";
				VALIDATE_PRODUCT = YES;
			};
			name = Release;
		};
		1A8D6B1629F6EE890000AADC /* Debug */ = {
			isa = XCBuildConfiguration;
			buildSettings = {
				ASSETCATALOG_COMPILER_APPICON_NAME = AppIcon;
				ASSETCATALOG_COMPILER_GLOBAL_ACCENT_COLOR_NAME = AccentColor;
				CODE_SIGN_STYLE = Automatic;
				CURRENT_PROJECT_VERSION = 1;
				DEVELOPMENT_ASSET_PATHS = "\"RPS/Preview Content\"";
				DEVELOPMENT_TEAM = 4BYU2LTPL5;
				ENABLE_PREVIEWS = YES;
				GENERATE_INFOPLIST_FILE = YES;
				INFOPLIST_KEY_UIApplicationSceneManifest_Generation = YES;
				INFOPLIST_KEY_UIApplicationSupportsIndirectInputEvents = YES;
				INFOPLIST_KEY_UILaunchScreen_Generation = YES;
				INFOPLIST_KEY_UISupportedInterfaceOrientations_iPad = "UIInterfaceOrientationPortrait UIInterfaceOrientationPortraitUpsideDown UIInterfaceOrientationLandscapeLeft UIInterfaceOrientationLandscapeRight";
				INFOPLIST_KEY_UISupportedInterfaceOrientations_iPhone = "UIInterfaceOrientationPortrait UIInterfaceOrientationLandscapeLeft UIInterfaceOrientationLandscapeRight";
				LD_RUNPATH_SEARCH_PATHS = (
					"$(inherited)",
					"@executable_path/Frameworks",
				);
				MARKETING_VERSION = 1.0;
				PRODUCT_BUNDLE_IDENTIFIER = CarlosMartin.RPS;
				PRODUCT_NAME = "$(TARGET_NAME)";
				SWIFT_EMIT_LOC_STRINGS = YES;
				SWIFT_VERSION = 5.0;
				TARGETED_DEVICE_FAMILY = "1,2";
			};
			name = Debug;
		};
		1A8D6B1729F6EE890000AADC /* Release */ = {
			isa = XCBuildConfiguration;
			buildSettings = {
				ASSETCATALOG_COMPILER_APPICON_NAME = AppIcon;
				ASSETCATALOG_COMPILER_GLOBAL_ACCENT_COLOR_NAME = AccentColor;
				CODE_SIGN_STYLE = Automatic;
				CURRENT_PROJECT_VERSION = 1;
				DEVELOPMENT_ASSET_PATHS = "\"RPS/Preview Content\"";
				DEVELOPMENT_TEAM = 4BYU2LTPL5;
				ENABLE_PREVIEWS = YES;
				GENERATE_INFOPLIST_FILE = YES;
				INFOPLIST_KEY_UIApplicationSceneManifest_Generation = YES;
				INFOPLIST_KEY_UIApplicationSupportsIndirectInputEvents = YES;
				INFOPLIST_KEY_UILaunchScreen_Generation = YES;
				INFOPLIST_KEY_UISupportedInterfaceOrientations_iPad = "UIInterfaceOrientationPortrait UIInterfaceOrientationPortraitUpsideDown UIInterfaceOrientationLandscapeLeft UIInterfaceOrientationLandscapeRight";
				INFOPLIST_KEY_UISupportedInterfaceOrientations_iPhone = "UIInterfaceOrientationPortrait UIInterfaceOrientationLandscapeLeft UIInterfaceOrientationLandscapeRight";
				LD_RUNPATH_SEARCH_PATHS = (
					"$(inherited)",
					"@executable_path/Frameworks",
				);
				MARKETING_VERSION = 1.0;
				PRODUCT_BUNDLE_IDENTIFIER = CarlosMartin.RPS;
				PRODUCT_NAME = "$(TARGET_NAME)";
				SWIFT_EMIT_LOC_STRINGS = YES;
				SWIFT_VERSION = 5.0;
				TARGETED_DEVICE_FAMILY = "1,2";
			};
			name = Release;
		};
		1A8D6B1929F6EE890000AADC /* Debug */ = {
			isa = XCBuildConfiguration;
			buildSettings = {
				ALWAYS_EMBED_SWIFT_STANDARD_LIBRARIES = YES;
				BUNDLE_LOADER = "$(TEST_HOST)";
				CODE_SIGN_STYLE = Automatic;
				CURRENT_PROJECT_VERSION = 1;
				DEVELOPMENT_TEAM = 4BYU2LTPL5;
				GENERATE_INFOPLIST_FILE = YES;
				IPHONEOS_DEPLOYMENT_TARGET = 16.4;
				MARKETING_VERSION = 1.0;
				PRODUCT_BUNDLE_IDENTIFIER = CarlosMartin.RPSTests;
				PRODUCT_NAME = "$(TARGET_NAME)";
				SWIFT_EMIT_LOC_STRINGS = NO;
				SWIFT_VERSION = 5.0;
				TARGETED_DEVICE_FAMILY = "1,2";
				TEST_HOST = "$(BUILT_PRODUCTS_DIR)/RPS.app/$(BUNDLE_EXECUTABLE_FOLDER_PATH)/RPS";
			};
			name = Debug;
		};
		1A8D6B1A29F6EE890000AADC /* Release */ = {
			isa = XCBuildConfiguration;
			buildSettings = {
				ALWAYS_EMBED_SWIFT_STANDARD_LIBRARIES = YES;
				BUNDLE_LOADER = "$(TEST_HOST)";
				CODE_SIGN_STYLE = Automatic;
				CURRENT_PROJECT_VERSION = 1;
				DEVELOPMENT_TEAM = 4BYU2LTPL5;
				GENERATE_INFOPLIST_FILE = YES;
				IPHONEOS_DEPLOYMENT_TARGET = 16.4;
				MARKETING_VERSION = 1.0;
				PRODUCT_BUNDLE_IDENTIFIER = CarlosMartin.RPSTests;
				PRODUCT_NAME = "$(TARGET_NAME)";
				SWIFT_EMIT_LOC_STRINGS = NO;
				SWIFT_VERSION = 5.0;
				TARGETED_DEVICE_FAMILY = "1,2";
				TEST_HOST = "$(BUILT_PRODUCTS_DIR)/RPS.app/$(BUNDLE_EXECUTABLE_FOLDER_PATH)/RPS";
			};
			name = Release;
		};
		1A8D6B1C29F6EE890000AADC /* Debug */ = {
			isa = XCBuildConfiguration;
			buildSettings = {
				ALWAYS_EMBED_SWIFT_STANDARD_LIBRARIES = YES;
				CODE_SIGN_STYLE = Automatic;
				CURRENT_PROJECT_VERSION = 1;
				DEVELOPMENT_TEAM = 4BYU2LTPL5;
				GENERATE_INFOPLIST_FILE = YES;
				MARKETING_VERSION = 1.0;
				PRODUCT_BUNDLE_IDENTIFIER = CarlosMartin.RPSUITests;
				PRODUCT_NAME = "$(TARGET_NAME)";
				SWIFT_EMIT_LOC_STRINGS = NO;
				SWIFT_VERSION = 5.0;
				TARGETED_DEVICE_FAMILY = "1,2";
				TEST_TARGET_NAME = RPS;
			};
			name = Debug;
		};
		1A8D6B1D29F6EE890000AADC /* Release */ = {
			isa = XCBuildConfiguration;
			buildSettings = {
				ALWAYS_EMBED_SWIFT_STANDARD_LIBRARIES = YES;
				CODE_SIGN_STYLE = Automatic;
				CURRENT_PROJECT_VERSION = 1;
				DEVELOPMENT_TEAM = 4BYU2LTPL5;
				GENERATE_INFOPLIST_FILE = YES;
				MARKETING_VERSION = 1.0;
				PRODUCT_BUNDLE_IDENTIFIER = CarlosMartin.RPSUITests;
				PRODUCT_NAME = "$(TARGET_NAME)";
				SWIFT_EMIT_LOC_STRINGS = NO;
				SWIFT_VERSION = 5.0;
				TARGETED_DEVICE_FAMILY = "1,2";
				TEST_TARGET_NAME = RPS;
			};
			name = Release;
		};
/* End XCBuildConfiguration section */

/* Begin XCConfigurationList section */
		1A8D6AEC29F6EE880000AADC /* Build configuration list for PBXProject "RPS" */ = {
			isa = XCConfigurationList;
			buildConfigurations = (
				1A8D6B1329F6EE890000AADC /* Debug */,
				1A8D6B1429F6EE890000AADC /* Release */,
			);
			defaultConfigurationIsVisible = 0;
			defaultConfigurationName = Release;
		};
		1A8D6B1529F6EE890000AADC /* Build configuration list for PBXNativeTarget "RPS" */ = {
			isa = XCConfigurationList;
			buildConfigurations = (
				1A8D6B1629F6EE890000AADC /* Debug */,
				1A8D6B1729F6EE890000AADC /* Release */,
			);
			defaultConfigurationIsVisible = 0;
			defaultConfigurationName = Release;
		};
		1A8D6B1829F6EE890000AADC /* Build configuration list for PBXNativeTarget "RPSTests" */ = {
			isa = XCConfigurationList;
			buildConfigurations = (
				1A8D6B1929F6EE890000AADC /* Debug */,
				1A8D6B1A29F6EE890000AADC /* Release */,
			);
			defaultConfigurationIsVisible = 0;
			defaultConfigurationName = Release;
		};
		1A8D6B1B29F6EE890000AADC /* Build configuration list for PBXNativeTarget "RPSUITests" */ = {
			isa = XCConfigurationList;
			buildConfigurations = (
				1A8D6B1C29F6EE890000AADC /* Debug */,
				1A8D6B1D29F6EE890000AADC /* Release */,
			);
			defaultConfigurationIsVisible = 0;
			defaultConfigurationName = Release;
		};
/* End XCConfigurationList section */
	};
	rootObject = 1A8D6AE929F6EE880000AADC /* Project object */;
}
